
Microsoft Visual Studio Solution File, Format Version 12.00
# Visual Studio 15
VisualStudioVersion = 15.0.27703.2042
MinimumVisualStudioVersion = 10.0.40219.1
Project("{FAE04EC0-301F-11D3-BF4B-00C04F79EFBC}") = "EMLuiza.Domain", "EMLuiza.Domain\EMLuiza.Domain.csproj", "{0F590273-3BF5-4759-8834-D2ECCD66A0C3}"
EndProject
Project("{FAE04EC0-301F-11D3-BF4B-00C04F79EFBC}") = "EMLuiza.Infra", "EMLuiza.Infra\EMLuiza.Infra.csproj", "{FD3321F1-CAB4-4F8F-AF70-9E54ABF31C9C}"
EndProject
Project("{FAE04EC0-301F-11D3-BF4B-00C04F79EFBC}") = "EMLuiza.IoC", "EMLuiza.IoC\EMLuiza.IoC.csproj", "{530B352B-861E-4C27-80A3-F15637C7FC09}"
EndProject
Global
	GlobalSection(SolutionConfigurationPlatforms) = preSolution
		Debug|Any CPU = Debug|Any CPU
		Release|Any CPU = Release|Any CPU
	EndGlobalSection
	GlobalSection(ProjectConfigurationPlatforms) = postSolution
		{0F590273-3BF5-4759-8834-D2ECCD66A0C3}.Debug|Any CPU.ActiveCfg = Debug|Any CPU
		{0F590273-3BF5-4759-8834-D2ECCD66A0C3}.Debug|Any CPU.Build.0 = Debug|Any CPU
		{0F590273-3BF5-4759-8834-D2ECCD66A0C3}.Release|Any CPU.ActiveCfg = Release|Any CPU
		{0F590273-3BF5-4759-8834-D2ECCD66A0C3}.Release|Any CPU.Build.0 = Release|Any CPU
		{FD3321F1-CAB4-4F8F-AF70-9E54ABF31C9C}.Debug|Any CPU.ActiveCfg = Debug|Any CPU
		{FD3321F1-CAB4-4F8F-AF70-9E54ABF31C9C}.Debug|Any CPU.Build.0 = Debug|Any CPU
		{FD3321F1-CAB4-4F8F-AF70-9E54ABF31C9C}.Release|Any CPU.ActiveCfg = Release|Any CPU
		{FD3321F1-CAB4-4F8F-AF70-9E54ABF31C9C}.Release|Any CPU.Build.0 = Release|Any CPU
		{530B352B-861E-4C27-80A3-F15637C7FC09}.Debug|Any CPU.ActiveCfg = Debug|Any CPU
		{530B352B-861E-4C27-80A3-F15637C7FC09}.Debug|Any CPU.Build.0 = Debug|Any CPU
		{530B352B-861E-4C27-80A3-F15637C7FC09}.Release|Any CPU.ActiveCfg = Release|Any CPU
		{530B352B-861E-4C27-80A3-F15637C7FC09}.Release|Any CPU.Build.0 = Release|Any CPU
	EndGlobalSection
	GlobalSection(SolutionProperties) = preSolution
		HideSolutionNode = FALSE
	EndGlobalSection
	GlobalSection(ExtensibilityGlobals) = postSolution
		SolutionGuid = {3411A585-C312-4EB0-BCC3-3C17D5214D89}
	EndGlobalSection
EndGlobal
